
Microsoft Visual Studio Solution File, Format Version 12.00
# Visual Studio Version 17
VisualStudioVersion = 17.1.32319.34
MinimumVisualStudioVersion = 10.0.40219.1
Project("{9A19103F-16F7-4668-BE54-9A1E7A4F7556}") = "ASP.NET-MVC-Forum.Web", "ASP.NET-MVC-Forum\ASP.NET-MVC-Forum.Web.csproj", "{21F838B8-59B1-4E1F-91C0-5B6EFD152655}"
EndProject
Project("{9A19103F-16F7-4668-BE54-9A1E7A4F7556}") = "ASP.NET-MVC-Forum.Domain", "ASP.NET-MVC-Forum.Domain\ASP.NET-MVC-Forum.Domain.csproj", "{82740C1F-00C9-406D-83BC-77C8EC5B36B7}"
EndProject
Project("{9A19103F-16F7-4668-BE54-9A1E7A4F7556}") = "ASP.NET-MVC-Forum.Business.Contracts", "ASP.NET-MVC-Forum.Business.Contracts\ASP.NET-MVC-Forum.Business.Contracts.csproj", "{8241D4E2-F574-4CD8-A2FE-97A95379205D}"
EndProject
Project("{9A19103F-16F7-4668-BE54-9A1E7A4F7556}") = "ASP.NET-MVC-Forum.Business", "ASP.NET-MVC-Forum.Business\ASP.NET-MVC-Forum.Business.csproj", "{E3429FC6-6033-4D4E-9AA5-4BBA25897047}"
EndProject
Project("{9A19103F-16F7-4668-BE54-9A1E7A4F7556}") = "ASP.NET-MVC-Forum.Data", "ASP.NET-MVC-Forum.Data\ASP.NET-MVC-Forum.Data.csproj", "{C45BE36F-A665-4DC4-B37C-10F3222ABA25}"
EndProject
Project("{9A19103F-16F7-4668-BE54-9A1E7A4F7556}") = "ASP.NET-MVC-Forum.Data.Contracts", "ASP.NET-MVC-Forum.Data.Contracts\ASP.NET-MVC-Forum.Data.Contracts.csproj", "{4A8740A1-E8E5-41AC-9702-7460C3334685}"
EndProject
Project("{9A19103F-16F7-4668-BE54-9A1E7A4F7556}") = "ASP.NET-MVC-Forum.Infrastructure", "ASP.NET-MVC-Forum.Infrastructure\ASP.NET-MVC-Forum.Infrastructure.csproj", "{358B5E98-7B0A-475B-A57A-5F9ADB8B2ACF}"
EndProject
Project("{FAE04EC0-301F-11D3-BF4B-00C04F79EFBC}") = "ASP.NET-MVC-Forum.Validation", "ASP.NET-MVC-Forum.Validation\ASP.NET-MVC-Forum.Validation.csproj", "{4F4B3911-1D5F-42AF-B4B3-1AF0DC5A223D}"
EndProject
Project("{FAE04EC0-301F-11D3-BF4B-00C04F79EFBC}") = "ASP.NET-MVC-Forum.Validation.Contracts", "ASP.NET-MVC-Forum.Validation.Contracts\ASP.NET-MVC-Forum.Validation.Contracts.csproj", "{DFD6CB9D-95DC-4D2C-9D8D-9AF04A894A48}"
EndProject
Global
	GlobalSection(SolutionConfigurationPlatforms) = preSolution
		Debug|Any CPU = Debug|Any CPU
		Release|Any CPU = Release|Any CPU
	EndGlobalSection
	GlobalSection(ProjectConfigurationPlatforms) = postSolution
		{21F838B8-59B1-4E1F-91C0-5B6EFD152655}.Debug|Any CPU.ActiveCfg = Debug|Any CPU
		{21F838B8-59B1-4E1F-91C0-5B6EFD152655}.Debug|Any CPU.Build.0 = Debug|Any CPU
		{21F838B8-59B1-4E1F-91C0-5B6EFD152655}.Release|Any CPU.ActiveCfg = Release|Any CPU
		{21F838B8-59B1-4E1F-91C0-5B6EFD152655}.Release|Any CPU.Build.0 = Release|Any CPU
		{82740C1F-00C9-406D-83BC-77C8EC5B36B7}.Debug|Any CPU.ActiveCfg = Debug|Any CPU
		{82740C1F-00C9-406D-83BC-77C8EC5B36B7}.Debug|Any CPU.Build.0 = Debug|Any CPU
		{82740C1F-00C9-406D-83BC-77C8EC5B36B7}.Release|Any CPU.ActiveCfg = Release|Any CPU
		{82740C1F-00C9-406D-83BC-77C8EC5B36B7}.Release|Any CPU.Build.0 = Release|Any CPU
		{8241D4E2-F574-4CD8-A2FE-97A95379205D}.Debug|Any CPU.ActiveCfg = Debug|Any CPU
		{8241D4E2-F574-4CD8-A2FE-97A95379205D}.Debug|Any CPU.Build.0 = Debug|Any CPU
		{8241D4E2-F574-4CD8-A2FE-97A95379205D}.Release|Any CPU.ActiveCfg = Release|Any CPU
		{8241D4E2-F574-4CD8-A2FE-97A95379205D}.Release|Any CPU.Build.0 = Release|Any CPU
		{E3429FC6-6033-4D4E-9AA5-4BBA25897047}.Debug|Any CPU.ActiveCfg = Debug|Any CPU
		{E3429FC6-6033-4D4E-9AA5-4BBA25897047}.Debug|Any CPU.Build.0 = Debug|Any CPU
		{E3429FC6-6033-4D4E-9AA5-4BBA25897047}.Release|Any CPU.ActiveCfg = Release|Any CPU
		{E3429FC6-6033-4D4E-9AA5-4BBA25897047}.Release|Any CPU.Build.0 = Release|Any CPU
		{C45BE36F-A665-4DC4-B37C-10F3222ABA25}.Debug|Any CPU.ActiveCfg = Debug|Any CPU
		{C45BE36F-A665-4DC4-B37C-10F3222ABA25}.Debug|Any CPU.Build.0 = Debug|Any CPU
		{C45BE36F-A665-4DC4-B37C-10F3222ABA25}.Release|Any CPU.ActiveCfg = Release|Any CPU
		{C45BE36F-A665-4DC4-B37C-10F3222ABA25}.Release|Any CPU.Build.0 = Release|Any CPU
		{4A8740A1-E8E5-41AC-9702-7460C3334685}.Debug|Any CPU.ActiveCfg = Debug|Any CPU
		{4A8740A1-E8E5-41AC-9702-7460C3334685}.Debug|Any CPU.Build.0 = Debug|Any CPU
		{4A8740A1-E8E5-41AC-9702-7460C3334685}.Release|Any CPU.ActiveCfg = Release|Any CPU
		{4A8740A1-E8E5-41AC-9702-7460C3334685}.Release|Any CPU.Build.0 = Release|Any CPU
		{358B5E98-7B0A-475B-A57A-5F9ADB8B2ACF}.Debug|Any CPU.ActiveCfg = Debug|Any CPU
		{358B5E98-7B0A-475B-A57A-5F9ADB8B2ACF}.Debug|Any CPU.Build.0 = Debug|Any CPU
		{358B5E98-7B0A-475B-A57A-5F9ADB8B2ACF}.Release|Any CPU.ActiveCfg = Release|Any CPU
		{358B5E98-7B0A-475B-A57A-5F9ADB8B2ACF}.Release|Any CPU.Build.0 = Release|Any CPU
		{4F4B3911-1D5F-42AF-B4B3-1AF0DC5A223D}.Debug|Any CPU.ActiveCfg = Debug|Any CPU
		{4F4B3911-1D5F-42AF-B4B3-1AF0DC5A223D}.Debug|Any CPU.Build.0 = Debug|Any CPU
		{4F4B3911-1D5F-42AF-B4B3-1AF0DC5A223D}.Release|Any CPU.ActiveCfg = Release|Any CPU
		{4F4B3911-1D5F-42AF-B4B3-1AF0DC5A223D}.Release|Any CPU.Build.0 = Release|Any CPU
		{DFD6CB9D-95DC-4D2C-9D8D-9AF04A894A48}.Debug|Any CPU.ActiveCfg = Debug|Any CPU
		{DFD6CB9D-95DC-4D2C-9D8D-9AF04A894A48}.Debug|Any CPU.Build.0 = Debug|Any CPU
		{DFD6CB9D-95DC-4D2C-9D8D-9AF04A894A48}.Release|Any CPU.ActiveCfg = Release|Any CPU
		{DFD6CB9D-95DC-4D2C-9D8D-9AF04A894A48}.Release|Any CPU.Build.0 = Release|Any CPU
	EndGlobalSection
	GlobalSection(SolutionProperties) = preSolution
		HideSolutionNode = FALSE
	EndGlobalSection
	GlobalSection(ExtensibilityGlobals) = postSolution
		SolutionGuid = {5CB5A00E-C9D8-4223-AA81-B1537B139BBD}
	EndGlobalSection
EndGlobal
